
Microsoft Visual Studio Solution File, Format Version 12.00
# Visual Studio Version 17
VisualStudioVersion = 17.10.34613.191
MinimumVisualStudioVersion = 10.0.40219.1
Project("{9A19103F-16F7-4668-BE54-9A1E7A4F7556}") = "Pitchfork.SemanticVersioning", "Pitchfork.SemanticVersioning\Pitchfork.SemanticVersioning.csproj", "{3839CE4D-B7C7-4EE3-8CD5-DD02664A11E7}"
EndProject
Project("{FAE04EC0-301F-11D3-BF4B-00C04F79EFBC}") = "Pitchfork.SemanticVersioning.Tests", "Pitchfork.SemanticVersioning.Tests\Pitchfork.SemanticVersioning.Tests.csproj", "{67226027-9FE9-48B0-A178-5E91807A7AD4}"
EndProject
Global
	GlobalSection(SolutionConfigurationPlatforms) = preSolution
		Debug|Any CPU = Debug|Any CPU
		Release|Any CPU = Release|Any CPU
	EndGlobalSection
	GlobalSection(ProjectConfigurationPlatforms) = postSolution
		{3839CE4D-B7C7-4EE3-8CD5-DD02664A11E7}.Debug|Any CPU.ActiveCfg = Debug|Any CPU
		{3839CE4D-B7C7-4EE3-8CD5-DD02664A11E7}.Debug|Any CPU.Build.0 = Debug|Any CPU
		{3839CE4D-B7C7-4EE3-8CD5-DD02664A11E7}.Release|Any CPU.ActiveCfg = Release|Any CPU
		{3839CE4D-B7C7-4EE3-8CD5-DD02664A11E7}.Release|Any CPU.Build.0 = Release|Any CPU
		{67226027-9FE9-48B0-A178-5E91807A7AD4}.Debug|Any CPU.ActiveCfg = Debug|Any CPU
		{67226027-9FE9-48B0-A178-5E91807A7AD4}.Debug|Any CPU.Build.0 = Debug|Any CPU
		{67226027-9FE9-48B0-A178-5E91807A7AD4}.Release|Any CPU.ActiveCfg = Release|Any CPU
		{67226027-9FE9-48B0-A178-5E91807A7AD4}.Release|Any CPU.Build.0 = Release|Any CPU
	EndGlobalSection
	GlobalSection(SolutionProperties) = preSolution
		HideSolutionNode = FALSE
	EndGlobalSection
	GlobalSection(ExtensibilityGlobals) = postSolution
		SolutionGuid = {0EEE18CB-5A39-47C3-9159-2EE1675242F3}
	EndGlobalSection
EndGlobal
